<?xml version="1.0" encoding="UTF-8"?>
<CodeBlocks_project_file>
	<FileVersion major="1" minor="6"/>
	<Project>
		<Option title="arcade"/>
		<Option makefile_is_custom="1"/>
		<Option compiler="gcc"/>
		<Option virtualFolders="CMake Files\;CMake Files\..\;CMake Files\..\..\;CMake Files\..\..\..\;CMake Files\..\..\..\Qt\;CMake Files\..\..\..\Qt\5.12.2\;CMake Files\..\..\..\Qt\5.12.2\clang_64\;CMake Files\..\..\..\Qt\5.12.2\clang_64\lib\;CMake Files\..\..\..\Qt\5.12.2\clang_64\lib\cmake\;CMake Files\..\..\..\Qt\5.12.2\clang_64\lib\cmake\Qt5Widgets\;CMake Files\..\..\..\Qt\5.12.2\clang_64\lib\cmake\Qt5Gui\;CMake Files\..\..\..\Qt\5.12.2\clang_64\lib\cmake\Qt5Core\;"/>
		<Build>
			<Target title="all">
				<Option working_dir="/Users/slaymd/Epitech/B4-OOP/OOP_arcade_2018"/>
				<Option type="4"/>
				<MakeCommands>
					<Build command="/usr/bin/make -f &quot;/Users/slaymd/Epitech/B4-OOP/OOP_arcade_2018/Makefile&quot;  VERBOSE=1 all"/>
					<CompileFile command="/usr/bin/make -f &quot;/Users/slaymd/Epitech/B4-OOP/OOP_arcade_2018/Makefile&quot;  VERBOSE=1 &quot;$file&quot;"/>
					<Clean command="/usr/bin/make -f &quot;/Users/slaymd/Epitech/B4-OOP/OOP_arcade_2018/Makefile&quot;  VERBOSE=1 clean"/>
					<DistClean command="/usr/bin/make -f &quot;/Users/slaymd/Epitech/B4-OOP/OOP_arcade_2018/Makefile&quot;  VERBOSE=1 clean"/>
				</MakeCommands>
			</Target>
			<Target title="rebuild_cache">
				<Option working_dir="/Users/slaymd/Epitech/B4-OOP/OOP_arcade_2018"/>
				<Option type="4"/>
				<MakeCommands>
					<Build command="/usr/bin/make -f &quot;/Users/slaymd/Epitech/B4-OOP/OOP_arcade_2018/Makefile&quot;  VERBOSE=1 rebuild_cache"/>
					<CompileFile command="/usr/bin/make -f &quot;/Users/slaymd/Epitech/B4-OOP/OOP_arcade_2018/Makefile&quot;  VERBOSE=1 &quot;$file&quot;"/>
					<Clean command="/usr/bin/make -f &quot;/Users/slaymd/Epitech/B4-OOP/OOP_arcade_2018/Makefile&quot;  VERBOSE=1 clean"/>
					<DistClean command="/usr/bin/make -f &quot;/Users/slaymd/Epitech/B4-OOP/OOP_arcade_2018/Makefile&quot;  VERBOSE=1 clean"/>
				</MakeCommands>
			</Target>
			<Target title="edit_cache">
				<Option working_dir="/Users/slaymd/Epitech/B4-OOP/OOP_arcade_2018"/>
				<Option type="4"/>
				<MakeCommands>
					<Build command="/usr/bin/make -f &quot;/Users/slaymd/Epitech/B4-OOP/OOP_arcade_2018/Makefile&quot;  VERBOSE=1 edit_cache"/>
					<CompileFile command="/usr/bin/make -f &quot;/Users/slaymd/Epitech/B4-OOP/OOP_arcade_2018/Makefile&quot;  VERBOSE=1 &quot;$file&quot;"/>
					<Clean command="/usr/bin/make -f &quot;/Users/slaymd/Epitech/B4-OOP/OOP_arcade_2018/Makefile&quot;  VERBOSE=1 clean"/>
					<DistClean command="/usr/bin/make -f &quot;/Users/slaymd/Epitech/B4-OOP/OOP_arcade_2018/Makefile&quot;  VERBOSE=1 clean"/>
				</MakeCommands>
			</Target>
			<Target title="arcade">
				<Option output="/Users/slaymd/Epitech/B4-OOP/OOP_arcade_2018/arcade" prefix_auto="0" extension_auto="0"/>
				<Option working_dir="/Users/slaymd/Epitech/B4-OOP/OOP_arcade_2018"/>
				<Option object_output="./"/>
				<Option type="1"/>
				<Option compiler="gcc"/>
				<Compiler>
					<Add option="-DQT_WIDGETS_LIB"/>
					<Add option="-DQT_GUI_LIB"/>
					<Add option="-DQT_CORE_LIB"/>
					<Add directory="/Users/slaymd/Epitech/B4-OOP/OOP_arcade_2018/core"/>
					<Add directory="/Users/slaymd/Epitech/B4-OOP/OOP_arcade_2018/games"/>
					<Add directory="/Users/slaymd/Epitech/B4-OOP/OOP_arcade_2018/lib"/>
					<Add directory="/Users/slaymd/Qt/5.12.2/clang_64/lib/QtWidgets.framework"/>
					<Add directory="/Users/slaymd/Qt/5.12.2/clang_64/lib/QtWidgets.framework/Headers"/>
					<Add directory="/Users/slaymd/Qt/5.12.2/clang_64/lib/QtGui.framework"/>
					<Add directory="/Users/slaymd/Qt/5.12.2/clang_64/lib/QtGui.framework/Headers"/>
					<Add directory="/System/Library/Frameworks/OpenGL.framework/Headers"/>
					<Add directory="/Users/slaymd/Qt/5.12.2/clang_64/lib/QtCore.framework"/>
					<Add directory="/Users/slaymd/Qt/5.12.2/clang_64/lib/QtCore.framework/Headers"/>
					<Add directory="/Users/slaymd/Qt/5.12.2/clang_64/./mkspecs/macx-clang"/>
				</Compiler>
				<MakeCommands>
					<Build command="/usr/bin/make -f &quot;/Users/slaymd/Epitech/B4-OOP/OOP_arcade_2018/Makefile&quot;  VERBOSE=1 arcade"/>
					<CompileFile command="/usr/bin/make -f &quot;/Users/slaymd/Epitech/B4-OOP/OOP_arcade_2018/Makefile&quot;  VERBOSE=1 &quot;$file&quot;"/>
					<Clean command="/usr/bin/make -f &quot;/Users/slaymd/Epitech/B4-OOP/OOP_arcade_2018/Makefile&quot;  VERBOSE=1 clean"/>
					<DistClean command="/usr/bin/make -f &quot;/Users/slaymd/Epitech/B4-OOP/OOP_arcade_2018/Makefile&quot;  VERBOSE=1 clean"/>
				</MakeCommands>
			</Target>
			<Target title="arcade/fast">
				<Option output="/Users/slaymd/Epitech/B4-OOP/OOP_arcade_2018/arcade" prefix_auto="0" extension_auto="0"/>
				<Option working_dir="/Users/slaymd/Epitech/B4-OOP/OOP_arcade_2018"/>
				<Option object_output="./"/>
				<Option type="1"/>
				<Option compiler="gcc"/>
				<Compiler>
					<Add option="-DQT_WIDGETS_LIB"/>
					<Add option="-DQT_GUI_LIB"/>
					<Add option="-DQT_CORE_LIB"/>
					<Add directory="/Users/slaymd/Epitech/B4-OOP/OOP_arcade_2018/core"/>
					<Add directory="/Users/slaymd/Epitech/B4-OOP/OOP_arcade_2018/games"/>
					<Add directory="/Users/slaymd/Epitech/B4-OOP/OOP_arcade_2018/lib"/>
					<Add directory="/Users/slaymd/Qt/5.12.2/clang_64/lib/QtWidgets.framework"/>
					<Add directory="/Users/slaymd/Qt/5.12.2/clang_64/lib/QtWidgets.framework/Headers"/>
					<Add directory="/Users/slaymd/Qt/5.12.2/clang_64/lib/QtGui.framework"/>
					<Add directory="/Users/slaymd/Qt/5.12.2/clang_64/lib/QtGui.framework/Headers"/>
					<Add directory="/System/Library/Frameworks/OpenGL.framework/Headers"/>
					<Add directory="/Users/slaymd/Qt/5.12.2/clang_64/lib/QtCore.framework"/>
					<Add directory="/Users/slaymd/Qt/5.12.2/clang_64/lib/QtCore.framework/Headers"/>
					<Add directory="/Users/slaymd/Qt/5.12.2/clang_64/./mkspecs/macx-clang"/>
				</Compiler>
				<MakeCommands>
					<Build command="/usr/bin/make -f &quot;/Users/slaymd/Epitech/B4-OOP/OOP_arcade_2018/Makefile&quot;  VERBOSE=1 arcade/fast"/>
					<CompileFile command="/usr/bin/make -f &quot;/Users/slaymd/Epitech/B4-OOP/OOP_arcade_2018/Makefile&quot;  VERBOSE=1 &quot;$file&quot;"/>
					<Clean command="/usr/bin/make -f &quot;/Users/slaymd/Epitech/B4-OOP/OOP_arcade_2018/Makefile&quot;  VERBOSE=1 clean"/>
					<DistClean command="/usr/bin/make -f &quot;/Users/slaymd/Epitech/B4-OOP/OOP_arcade_2018/Makefile&quot;  VERBOSE=1 clean"/>
				</MakeCommands>
			</Target>
		</Build>
		<Unit filename="/Users/slaymd/Epitech/B4-OOP/OOP_arcade_2018/core/Engine.cpp">
			<Option target="arcade"/>
		</Unit>
		<Unit filename="/Users/slaymd/Epitech/B4-OOP/OOP_arcade_2018/core/Engine.hpp">
			<Option target="arcade"/>
		</Unit>
		<Unit filename="/Users/slaymd/Epitech/B4-OOP/OOP_arcade_2018/core/main.cpp">
			<Option target="arcade"/>
		</Unit>
		<Unit filename="/Users/slaymd/Epitech/B4-OOP/OOP_arcade_2018/games/IGameApi.hpp">
			<Option target="arcade"/>
		</Unit>
		<Unit filename="/Users/slaymd/Epitech/B4-OOP/OOP_arcade_2018/games/nibbler/Nibbler.cpp">
			<Option target="arcade"/>
		</Unit>
		<Unit filename="/Users/slaymd/Epitech/B4-OOP/OOP_arcade_2018/games/nibbler/Nibbler.hpp">
			<Option target="arcade"/>
		</Unit>
		<Unit filename="/Users/slaymd/Epitech/B4-OOP/OOP_arcade_2018/games/test/test.cpp">
			<Option target="arcade"/>
		</Unit>
		<Unit filename="/Users/slaymd/Epitech/B4-OOP/OOP_arcade_2018/lib/AElement.hpp">
			<Option target="arcade"/>
		</Unit>
		<Unit filename="/Users/slaymd/Epitech/B4-OOP/OOP_arcade_2018/lib/Events.hpp">
			<Option target="arcade"/>
		</Unit>
		<Unit filename="/Users/slaymd/Epitech/B4-OOP/OOP_arcade_2018/lib/Frame.hpp">
			<Option target="arcade"/>
		</Unit>
		<Unit filename="/Users/slaymd/Epitech/B4-OOP/OOP_arcade_2018/lib/IApi.hpp">
			<Option target="arcade"/>
		</Unit>
		<Unit filename="/Users/slaymd/Epitech/B4-OOP/OOP_arcade_2018/lib/IElement.hpp">
			<Option target="arcade"/>
		</Unit>
		<Unit filename="/Users/slaymd/Epitech/B4-OOP/OOP_arcade_2018/lib/Qt/QtApi.cpp">
			<Option target="arcade"/>
		</Unit>
		<Unit filename="/Users/slaymd/Epitech/B4-OOP/OOP_arcade_2018/lib/Qt/QtApi.hpp">
			<Option target="arcade"/>
		</Unit>
		<Unit filename="/Users/slaymd/Epitech/B4-OOP/OOP_arcade_2018/lib/SFML/SFMLApi.cpp">
			<Option target="arcade"/>
		</Unit>
		<Unit filename="/Users/slaymd/Epitech/B4-OOP/OOP_arcade_2018/lib/SFML/SFMLApi.hpp">
			<Option target="arcade"/>
		</Unit>
		<Unit filename="/Users/slaymd/Epitech/B4-OOP/OOP_arcade_2018/lib/UIRect.hpp">
			<Option target="arcade"/>
		</Unit>
		<Unit filename="/Users/slaymd/Epitech/B4-OOP/OOP_arcade_2018/lib/UIText.hpp">
			<Option target="arcade"/>
		</Unit>
		<Unit filename="/Users/slaymd/Epitech/B4-OOP/OOP_arcade_2018/lib/ncurses/NcursesApi.cpp">
			<Option target="arcade"/>
		</Unit>
		<Unit filename="/Users/slaymd/Epitech/B4-OOP/OOP_arcade_2018/lib/ncurses/NcursesApi.hpp">
			<Option target="arcade"/>
		</Unit>
		<Unit filename="/Users/slaymd/Epitech/B4-OOP/OOP_arcade_2018/CMakeLists.txt">
			<Option virtualFolder="CMake Files\"/>
		</Unit>
		<Unit filename="/Users/slaymd/Epitech/B4-OOP/OOP_arcade_2018/../../../Qt/5.12.2/clang_64/lib/cmake/Qt5Widgets/Qt5WidgetsConfig.cmake">
			<Option virtualFolder="CMake Files\..\..\..\Qt\5.12.2\clang_64\lib\cmake\Qt5Widgets\"/>
		</Unit>
		<Unit filename="/Users/slaymd/Epitech/B4-OOP/OOP_arcade_2018/../../../Qt/5.12.2/clang_64/lib/cmake/Qt5Widgets/Qt5WidgetsConfigExtras.cmake">
			<Option virtualFolder="CMake Files\..\..\..\Qt\5.12.2\clang_64\lib\cmake\Qt5Widgets\"/>
		</Unit>
		<Unit filename="/Users/slaymd/Epitech/B4-OOP/OOP_arcade_2018/../../../Qt/5.12.2/clang_64/lib/cmake/Qt5Widgets/Qt5WidgetsConfigVersion.cmake">
			<Option virtualFolder="CMake Files\..\..\..\Qt\5.12.2\clang_64\lib\cmake\Qt5Widgets\"/>
		</Unit>
		<Unit filename="/Users/slaymd/Epitech/B4-OOP/OOP_arcade_2018/../../../Qt/5.12.2/clang_64/lib/cmake/Qt5Widgets/Qt5WidgetsMacros.cmake">
			<Option virtualFolder="CMake Files\..\..\..\Qt\5.12.2\clang_64\lib\cmake\Qt5Widgets\"/>
		</Unit>
		<Unit filename="/Users/slaymd/Epitech/B4-OOP/OOP_arcade_2018/../../../Qt/5.12.2/clang_64/lib/cmake/Qt5Widgets/Qt5Widgets_QMacStylePlugin.cmake">
			<Option virtualFolder="CMake Files\..\..\..\Qt\5.12.2\clang_64\lib\cmake\Qt5Widgets\"/>
		</Unit>
		<Unit filename="/Users/slaymd/Epitech/B4-OOP/OOP_arcade_2018/../../../Qt/5.12.2/clang_64/lib/cmake/Qt5Gui/Qt5GuiConfig.cmake">
			<Option virtualFolder="CMake Files\..\..\..\Qt\5.12.2\clang_64\lib\cmake\Qt5Gui\"/>
		</Unit>
		<Unit filename="/Users/slaymd/Epitech/B4-OOP/OOP_arcade_2018/../../../Qt/5.12.2/clang_64/lib/cmake/Qt5Gui/Qt5GuiConfigExtras.cmake">
			<Option virtualFolder="CMake Files\..\..\..\Qt\5.12.2\clang_64\lib\cmake\Qt5Gui\"/>
		</Unit>
		<Unit filename="/Users/slaymd/Epitech/B4-OOP/OOP_arcade_2018/../../../Qt/5.12.2/clang_64/lib/cmake/Qt5Gui/Qt5GuiConfigVersion.cmake">
			<Option virtualFolder="CMake Files\..\..\..\Qt\5.12.2\clang_64\lib\cmake\Qt5Gui\"/>
		</Unit>
		<Unit filename="/Users/slaymd/Epitech/B4-OOP/OOP_arcade_2018/../../../Qt/5.12.2/clang_64/lib/cmake/Qt5Gui/Qt5Gui_QCocoaIntegrationPlugin.cmake">
			<Option virtualFolder="CMake Files\..\..\..\Qt\5.12.2\clang_64\lib\cmake\Qt5Gui\"/>
		</Unit>
		<Unit filename="/Users/slaymd/Epitech/B4-OOP/OOP_arcade_2018/../../../Qt/5.12.2/clang_64/lib/cmake/Qt5Gui/Qt5Gui_QGifPlugin.cmake">
			<Option virtualFolder="CMake Files\..\..\..\Qt\5.12.2\clang_64\lib\cmake\Qt5Gui\"/>
		</Unit>
		<Unit filename="/Users/slaymd/Epitech/B4-OOP/OOP_arcade_2018/../../../Qt/5.12.2/clang_64/lib/cmake/Qt5Gui/Qt5Gui_QICNSPlugin.cmake">
			<Option virtualFolder="CMake Files\..\..\..\Qt\5.12.2\clang_64\lib\cmake\Qt5Gui\"/>
		</Unit>
		<Unit filename="/Users/slaymd/Epitech/B4-OOP/OOP_arcade_2018/../../../Qt/5.12.2/clang_64/lib/cmake/Qt5Gui/Qt5Gui_QICOPlugin.cmake">
			<Option virtualFolder="CMake Files\..\..\..\Qt\5.12.2\clang_64\lib\cmake\Qt5Gui\"/>
		</Unit>
		<Unit filename="/Users/slaymd/Epitech/B4-OOP/OOP_arcade_2018/../../../Qt/5.12.2/clang_64/lib/cmake/Qt5Gui/Qt5Gui_QJpegPlugin.cmake">
			<Option virtualFolder="CMake Files\..\..\..\Qt\5.12.2\clang_64\lib\cmake\Qt5Gui\"/>
		</Unit>
		<Unit filename="/Users/slaymd/Epitech/B4-OOP/OOP_arcade_2018/../../../Qt/5.12.2/clang_64/lib/cmake/Qt5Gui/Qt5Gui_QMacHeifPlugin.cmake">
			<Option virtualFolder="CMake Files\..\..\..\Qt\5.12.2\clang_64\lib\cmake\Qt5Gui\"/>
		</Unit>
		<Unit filename="/Users/slaymd/Epitech/B4-OOP/OOP_arcade_2018/../../../Qt/5.12.2/clang_64/lib/cmake/Qt5Gui/Qt5Gui_QMacJp2Plugin.cmake">
			<Option virtualFolder="CMake Files\..\..\..\Qt\5.12.2\clang_64\lib\cmake\Qt5Gui\"/>
		</Unit>
		<Unit filename="/Users/slaymd/Epitech/B4-OOP/OOP_arcade_2018/../../../Qt/5.12.2/clang_64/lib/cmake/Qt5Gui/Qt5Gui_QMinimalIntegrationPlugin.cmake">
			<Option virtualFolder="CMake Files\..\..\..\Qt\5.12.2\clang_64\lib\cmake\Qt5Gui\"/>
		</Unit>
		<Unit filename="/Users/slaymd/Epitech/B4-OOP/OOP_arcade_2018/../../../Qt/5.12.2/clang_64/lib/cmake/Qt5Gui/Qt5Gui_QOffscreenIntegrationPlugin.cmake">
			<Option virtualFolder="CMake Files\..\..\..\Qt\5.12.2\clang_64\lib\cmake\Qt5Gui\"/>
		</Unit>
		<Unit filename="/Users/slaymd/Epitech/B4-OOP/OOP_arcade_2018/../../../Qt/5.12.2/clang_64/lib/cmake/Qt5Gui/Qt5Gui_QTgaPlugin.cmake">
			<Option virtualFolder="CMake Files\..\..\..\Qt\5.12.2\clang_64\lib\cmake\Qt5Gui\"/>
		</Unit>
		<Unit filename="/Users/slaymd/Epitech/B4-OOP/OOP_arcade_2018/../../../Qt/5.12.2/clang_64/lib/cmake/Qt5Gui/Qt5Gui_QTiffPlugin.cmake">
			<Option virtualFolder="CMake Files\..\..\..\Qt\5.12.2\clang_64\lib\cmake\Qt5Gui\"/>
		</Unit>
		<Unit filename="/Users/slaymd/Epitech/B4-OOP/OOP_arcade_2018/../../../Qt/5.12.2/clang_64/lib/cmake/Qt5Gui/Qt5Gui_QTuioTouchPlugin.cmake">
			<Option virtualFolder="CMake Files\..\..\..\Qt\5.12.2\clang_64\lib\cmake\Qt5Gui\"/>
		</Unit>
		<Unit filename="/Users/slaymd/Epitech/B4-OOP/OOP_arcade_2018/../../../Qt/5.12.2/clang_64/lib/cmake/Qt5Gui/Qt5Gui_QWbmpPlugin.cmake">
			<Option virtualFolder="CMake Files\..\..\..\Qt\5.12.2\clang_64\lib\cmake\Qt5Gui\"/>
		</Unit>
		<Unit filename="/Users/slaymd/Epitech/B4-OOP/OOP_arcade_2018/../../../Qt/5.12.2/clang_64/lib/cmake/Qt5Gui/Qt5Gui_QWebpPlugin.cmake">
			<Option virtualFolder="CMake Files\..\..\..\Qt\5.12.2\clang_64\lib\cmake\Qt5Gui\"/>
		</Unit>
		<Unit filename="/Users/slaymd/Epitech/B4-OOP/OOP_arcade_2018/../../../Qt/5.12.2/clang_64/lib/cmake/Qt5Gui/Qt5Gui_QXdgDesktopPortalThemePlugin.cmake">
			<Option virtualFolder="CMake Files\..\..\..\Qt\5.12.2\clang_64\lib\cmake\Qt5Gui\"/>
		</Unit>
		<Unit filename="/Users/slaymd/Epitech/B4-OOP/OOP_arcade_2018/../../../Qt/5.12.2/clang_64/lib/cmake/Qt5Core/Qt5CoreConfig.cmake">
			<Option virtualFolder="CMake Files\..\..\..\Qt\5.12.2\clang_64\lib\cmake\Qt5Core\"/>
		</Unit>
		<Unit filename="/Users/slaymd/Epitech/B4-OOP/OOP_arcade_2018/../../../Qt/5.12.2/clang_64/lib/cmake/Qt5Core/Qt5CoreConfigExtras.cmake">
			<Option virtualFolder="CMake Files\..\..\..\Qt\5.12.2\clang_64\lib\cmake\Qt5Core\"/>
		</Unit>
		<Unit filename="/Users/slaymd/Epitech/B4-OOP/OOP_arcade_2018/../../../Qt/5.12.2/clang_64/lib/cmake/Qt5Core/Qt5CoreConfigExtrasMkspecDir.cmake">
			<Option virtualFolder="CMake Files\..\..\..\Qt\5.12.2\clang_64\lib\cmake\Qt5Core\"/>
		</Unit>
		<Unit filename="/Users/slaymd/Epitech/B4-OOP/OOP_arcade_2018/../../../Qt/5.12.2/clang_64/lib/cmake/Qt5Core/Qt5CoreConfigVersion.cmake">
			<Option virtualFolder="CMake Files\..\..\..\Qt\5.12.2\clang_64\lib\cmake\Qt5Core\"/>
		</Unit>
		<Unit filename="/Users/slaymd/Epitech/B4-OOP/OOP_arcade_2018/../../../Qt/5.12.2/clang_64/lib/cmake/Qt5Core/Qt5CoreMacros.cmake">
			<Option virtualFolder="CMake Files\..\..\..\Qt\5.12.2\clang_64\lib\cmake\Qt5Core\"/>
		</Unit>
	</Project>
</CodeBlocks_project_file>
